
Microsoft Visual Studio Solution File, Format Version 12.00
# Visual Studio Version 16
VisualStudioVersion = 16.0.31729.503
MinimumVisualStudioVersion = 10.0.40219.1
Project("{FAE04EC0-301F-11D3-BF4B-00C04F79EFBC}") = "Ejercicio26", "Ejercicio26\Ejercicio26.csproj", "{A5C15C74-EB6D-4BFE-99FC-8EDA6D62086B}"
EndProject
Global
	GlobalSection(SolutionConfigurationPlatforms) = preSolution
		Debug|Any CPU = Debug|Any CPU
		Release|Any CPU = Release|Any CPU
	EndGlobalSection
	GlobalSection(ProjectConfigurationPlatforms) = postSolution
		{A5C15C74-EB6D-4BFE-99FC-8EDA6D62086B}.Debug|Any CPU.ActiveCfg = Debug|Any CPU
		{A5C15C74-EB6D-4BFE-99FC-8EDA6D62086B}.Debug|Any CPU.Build.0 = Debug|Any CPU
		{A5C15C74-EB6D-4BFE-99FC-8EDA6D62086B}.Release|Any CPU.ActiveCfg = Release|Any CPU
		{A5C15C74-EB6D-4BFE-99FC-8EDA6D62086B}.Release|Any CPU.Build.0 = Release|Any CPU
	EndGlobalSection
	GlobalSection(SolutionProperties) = preSolution
		HideSolutionNode = FALSE
	EndGlobalSection
	GlobalSection(ExtensibilityGlobals) = postSolution
		SolutionGuid = {FB17931B-E86D-4E51-906A-6909B72A06E3}
	EndGlobalSection
EndGlobal
